
Microsoft Visual Studio Solution File, Format Version 9.00
# Visual Studio 2005
Project("{8BC9CEB8-8B4A-11D0-8D11-00A0C91BC942}") = "libnfc", "libnfc.vcproj", "{AAEEDA5F-F86F-452D-BFA3-53B1C00B8884}"
EndProject
Project("{8BC9CEB8-8B4A-11D0-8D11-00A0C91BC942}") = "anticol", "anticol.vcproj", "{71722DBB-4253-4D68-A29C-AA159360FCE4}"
	ProjectSection(ProjectDependencies) = postProject
		{AAEEDA5F-F86F-452D-BFA3-53B1C00B8884} = {AAEEDA5F-F86F-452D-BFA3-53B1C00B8884}
	EndProjectSection
EndProject
Project("{8BC9CEB8-8B4A-11D0-8D11-00A0C91BC942}") = "emulate", "emulate.vcproj", "{9F813EB4-8F43-4E58-8C62-8E43D9AC137D}"
	ProjectSection(ProjectDependencies) = postProject
		{9CC505F9-AE58-4827-8921-A59E7C4839FE} = {9CC505F9-AE58-4827-8921-A59E7C4839FE}
		{BB0A837B-DAEF-4B3F-AF5B-9A757A97FFF3} = {BB0A837B-DAEF-4B3F-AF5B-9A757A97FFF3}
		{ADB1806A-745E-4DB4-9CDC-51658A5061E1} = {ADB1806A-745E-4DB4-9CDC-51658A5061E1}
		{71722DBB-4253-4D68-A29C-AA159360FCE4} = {71722DBB-4253-4D68-A29C-AA159360FCE4}
		{AAEEDA5F-F86F-452D-BFA3-53B1C00B8884} = {AAEEDA5F-F86F-452D-BFA3-53B1C00B8884}
	EndProjectSection
EndProject
Project("{8BC9CEB8-8B4A-11D0-8D11-00A0C91BC942}") = "relay", "relay.vcproj", "{9CC505F9-AE58-4827-8921-A59E7C4839FE}"
	ProjectSection(ProjectDependencies) = postProject
		{BB0A837B-DAEF-4B3F-AF5B-9A757A97FFF3} = {BB0A837B-DAEF-4B3F-AF5B-9A757A97FFF3}
		{ADB1806A-745E-4DB4-9CDC-51658A5061E1} = {ADB1806A-745E-4DB4-9CDC-51658A5061E1}
		{71722DBB-4253-4D68-A29C-AA159360FCE4} = {71722DBB-4253-4D68-A29C-AA159360FCE4}
		{AAEEDA5F-F86F-452D-BFA3-53B1C00B8884} = {AAEEDA5F-F86F-452D-BFA3-53B1C00B8884}
	EndProjectSection
EndProject
Project("{8BC9CEB8-8B4A-11D0-8D11-00A0C91BC942}") = "list", "list.vcproj", "{ADB1806A-745E-4DB4-9CDC-51658A5061E1}"
	ProjectSection(ProjectDependencies) = postProject
		{71722DBB-4253-4D68-A29C-AA159360FCE4} = {71722DBB-4253-4D68-A29C-AA159360FCE4}
		{AAEEDA5F-F86F-452D-BFA3-53B1C00B8884} = {AAEEDA5F-F86F-452D-BFA3-53B1C00B8884}
	EndProjectSection
EndProject
Project("{8BC9CEB8-8B4A-11D0-8D11-00A0C91BC942}") = "mftool", "mftool.vcproj", "{BB0A837B-DAEF-4B3F-AF5B-9A757A97FFF3}"
	ProjectSection(ProjectDependencies) = postProject
		{ADB1806A-745E-4DB4-9CDC-51658A5061E1} = {ADB1806A-745E-4DB4-9CDC-51658A5061E1}
		{71722DBB-4253-4D68-A29C-AA159360FCE4} = {71722DBB-4253-4D68-A29C-AA159360FCE4}
		{AAEEDA5F-F86F-452D-BFA3-53B1C00B8884} = {AAEEDA5F-F86F-452D-BFA3-53B1C00B8884}
	EndProjectSection
EndProject
Global
	GlobalSection(SolutionConfigurationPlatforms) = preSolution
		Debug|Win32 = Debug|Win32
		Release|Win32 = Release|Win32
	EndGlobalSection
	GlobalSection(ProjectConfigurationPlatforms) = postSolution
		{AAEEDA5F-F86F-452D-BFA3-53B1C00B8884}.Debug|Win32.ActiveCfg = Debug|Win32
		{AAEEDA5F-F86F-452D-BFA3-53B1C00B8884}.Debug|Win32.Build.0 = Debug|Win32
		{AAEEDA5F-F86F-452D-BFA3-53B1C00B8884}.Release|Win32.ActiveCfg = Release|Win32
		{AAEEDA5F-F86F-452D-BFA3-53B1C00B8884}.Release|Win32.Build.0 = Release|Win32
		{71722DBB-4253-4D68-A29C-AA159360FCE4}.Debug|Win32.ActiveCfg = Debug|Win32
		{71722DBB-4253-4D68-A29C-AA159360FCE4}.Debug|Win32.Build.0 = Debug|Win32
		{71722DBB-4253-4D68-A29C-AA159360FCE4}.Release|Win32.ActiveCfg = Release|Win32
		{71722DBB-4253-4D68-A29C-AA159360FCE4}.Release|Win32.Build.0 = Release|Win32
		{9F813EB4-8F43-4E58-8C62-8E43D9AC137D}.Debug|Win32.ActiveCfg = Debug|Win32
		{9F813EB4-8F43-4E58-8C62-8E43D9AC137D}.Debug|Win32.Build.0 = Debug|Win32
		{9F813EB4-8F43-4E58-8C62-8E43D9AC137D}.Release|Win32.ActiveCfg = Release|Win32
		{9F813EB4-8F43-4E58-8C62-8E43D9AC137D}.Release|Win32.Build.0 = Release|Win32
		{9CC505F9-AE58-4827-8921-A59E7C4839FE}.Debug|Win32.ActiveCfg = Debug|Win32
		{9CC505F9-AE58-4827-8921-A59E7C4839FE}.Debug|Win32.Build.0 = Debug|Win32
		{9CC505F9-AE58-4827-8921-A59E7C4839FE}.Release|Win32.ActiveCfg = Release|Win32
		{9CC505F9-AE58-4827-8921-A59E7C4839FE}.Release|Win32.Build.0 = Release|Win32
		{ADB1806A-745E-4DB4-9CDC-51658A5061E1}.Debug|Win32.ActiveCfg = Debug|Win32
		{ADB1806A-745E-4DB4-9CDC-51658A5061E1}.Debug|Win32.Build.0 = Debug|Win32
		{ADB1806A-745E-4DB4-9CDC-51658A5061E1}.Release|Win32.ActiveCfg = Release|Win32
		{ADB1806A-745E-4DB4-9CDC-51658A5061E1}.Release|Win32.Build.0 = Release|Win32
		{BB0A837B-DAEF-4B3F-AF5B-9A757A97FFF3}.Debug|Win32.ActiveCfg = Debug|Win32
		{BB0A837B-DAEF-4B3F-AF5B-9A757A97FFF3}.Debug|Win32.Build.0 = Debug|Win32
		{BB0A837B-DAEF-4B3F-AF5B-9A757A97FFF3}.Release|Win32.ActiveCfg = Release|Win32
		{BB0A837B-DAEF-4B3F-AF5B-9A757A97FFF3}.Release|Win32.Build.0 = Release|Win32
	EndGlobalSection
	GlobalSection(SolutionProperties) = preSolution
		HideSolutionNode = FALSE
	EndGlobalSection
EndGlobal
